// !$*UTF8*$!
{
	archiveVersion = 1;
	classes = {
	};
	objectVersion = 50;
	objects = {

/* Begin PBXBuildFile section */
		56CADFDD2671AB56002255BF /* main.cpp in Sources */ = {isa = PBXBuildFile; fileRef = 56CADFDC2671AB56002255BF /* main.cpp */; };
		56CADFE62671ABEA002255BF /* OpenGL.framework in Frameworks */ = {isa = PBXBuildFile; fileRef = 56CADFE52671ABEA002255BF /* OpenGL.framework */; };
		56CADFE82671ABF1002255BF /* GLUT.framework in Frameworks */ = {isa = PBXBuildFile; fileRef = 56CADFE72671ABF1002255BF /* GLUT.framework */; };
		56CADFF126722FD6002255BF /* imageloader.cpp in Sources */ = {isa = PBXBuildFile; fileRef = 56CADFEF26722FD6002255BF /* imageloader.cpp */; };
/* End PBXBuildFile section */

/* Begin PBXCopyFilesBuildPhase section */
		56CADFD72671AB56002255BF /* CopyFiles */ = {
			isa = PBXCopyFilesBuildPhase;
			buildActionMask = 2147483647;
			dstPath = /usr/share/man/man1/;
			dstSubfolderSpec = 0;
			files = (
			);
			runOnlyForDeploymentPostprocessing = 1;
		};
/* End PBXCopyFilesBuildPhase section */

/* Begin PBXFileReference section */
		56CADFD92671AB56002255BF /* 1102144004 */ = {isa = PBXFileReference; explicitFileType = "compiled.mach-o.executable"; includeInIndex = 0; path = 1102144004; sourceTree = BUILT_PRODUCTS_DIR; };
		56CADFDC2671AB56002255BF /* main.cpp */ = {isa = PBXFileReference; lastKnownFileType = sourcecode.cpp.cpp; path = main.cpp; sourceTree = "<group>"; };
		56CADFE52671ABEA002255BF /* OpenGL.framework */ = {isa = PBXFileReference; lastKnownFileType = wrapper.framework; name = OpenGL.framework; path = System/Library/Frameworks/OpenGL.framework; sourceTree = SDKROOT; };
		56CADFE72671ABF1002255BF /* GLUT.framework */ = {isa = PBXFileReference; lastKnownFileType = wrapper.framework; name = GLUT.framework; path = System/Library/Frameworks/GLUT.framework; sourceTree = SDKROOT; };
		56CADFEA26722074002255BF /* bitcoin.bmp */ = {isa = PBXFileReference; lastKnownFileType = image.bmp; name = bitcoin.bmp; path = ../../../Downloads/bitcoin.bmp; sourceTree = "<group>"; };
		56CADFED26722E01002255BF /* imageloader.h */ = {isa = PBXFileReference; lastKnownFileType = sourcecode.c.h; path = imageloader.h; sourceTree = "<group>"; };
		56CADFEF26722FD6002255BF /* imageloader.cpp */ = {isa = PBXFileReference; lastKnownFileType = sourcecode.cpp.cpp; path = imageloader.cpp; sourceTree = "<group>"; };
		56CADFF026722FD6002255BF /* imageloader.hpp */ = {isa = PBXFileReference; lastKnownFileType = sourcecode.cpp.h; path = imageloader.hpp; sourceTree = "<group>"; };
/* End PBXFileReference section */

/* Begin PBXFrameworksBuildPhase section */
		56CADFD62671AB56002255BF /* Frameworks */ = {
			isa = PBXFrameworksBuildPhase;
			buildActionMask = 2147483647;
			files = (
				56CADFE82671ABF1002255BF /* GLUT.framework in Frameworks */,
				56CADFE62671ABEA002255BF /* OpenGL.framework in Frameworks */,
			);
			runOnlyForDeploymentPostprocessing = 0;
		};
/* End PBXFrameworksBuildPhase section */

/* Begin PBXGroup section */
		56CADFD02671AB56002255BF = {
			isa = PBXGroup;
			children = (
				56CADFDB2671AB56002255BF /* 1102144004 */,
				56CADFDA2671AB56002255BF /* Products */,
				56CADFE42671ABEA002255BF /* Frameworks */,
			);
			sourceTree = "<group>";
		};
		56CADFDA2671AB56002255BF /* Products */ = {
			isa = PBXGroup;
			children = (
				56CADFD92671AB56002255BF /* 1102144004 */,
			);
			name = Products;
			sourceTree = "<group>";
		};
		56CADFDB2671AB56002255BF /* 1102144004 */ = {
			isa = PBXGroup;
			children = (
				56CADFDC2671AB56002255BF /* main.cpp */,
				56CADFEA26722074002255BF /* bitcoin.bmp */,
				56CADFED26722E01002255BF /* imageloader.h */,
				56CADFEF26722FD6002255BF /* imageloader.cpp */,
				56CADFF026722FD6002255BF /* imageloader.hpp */,
			);
			path = 1102144004;
			sourceTree = "<group>";
		};
		56CADFE42671ABEA002255BF /* Frameworks */ = {
			isa = PBXGroup;
			children = (
				56CADFE72671ABF1002255BF /* GLUT.framework */,
				56CADFE52671ABEA002255BF /* OpenGL.framework */,
			);
			name = Frameworks;
			sourceTree = "<group>";
		};
/* End PBXGroup section */

/* Begin PBXNativeTarget section */
		56CADFD82671AB56002255BF /* 1102144004 */ = {
			isa = PBXNativeTarget;
			buildConfigurationList = 56CADFE02671AB56002255BF /* Build configuration list for PBXNativeTarget "1102144004" */;
			buildPhases = (
				56CADFD52671AB56002255BF /* Sources */,
				56CADFD62671AB56002255BF /* Frameworks */,
				56CADFD72671AB56002255BF /* CopyFiles */,
			);
			buildRules = (
			);
			dependencies = (
			);
			name = 1102144004;
			productName = 1102144004;
			productReference = 56CADFD92671AB56002255BF /* 1102144004 */;
			productType = "com.apple.product-type.tool";
		};
/* End PBXNativeTarget section */

/* Begin PBXProject section */
		56CADFD12671AB56002255BF /* Project object */ = {
			isa = PBXProject;
			attributes = {
				LastUpgradeCheck = 1230;
				TargetAttributes = {
					56CADFD82671AB56002255BF = {
						CreatedOnToolsVersion = 12.3;
					};
				};
			};
			buildConfigurationList = 56CADFD42671AB56002255BF /* Build configuration list for PBXProject "1102144004" */;
			compatibilityVersion = "Xcode 9.3";
			developmentRegion = en;
			hasScannedForEncodings = 0;
			knownRegions = (
				en,
				Base,
			);
			mainGroup = 56CADFD02671AB56002255BF;
			productRefGroup = 56CADFDA2671AB56002255BF /* Products */;
			projectDirPath = "";
			projectRoot = "";
			targets = (
				56CADFD82671AB56002255BF /* 1102144004 */,
			);
		};
/* End PBXProject section */

/* Begin PBXSourcesBuildPhase section */
		56CADFD52671AB56002255BF /* Sources */ = {
			isa = PBXSourcesBuildPhase;
			buildActionMask = 2147483647;
			files = (
				56CADFF126722FD6002255BF /* imageloader.cpp in Sources */,
				56CADFDD2671AB56002255BF /* main.cpp in Sources */,
			);
			runOnlyForDeploymentPostprocessing = 0;
		};
/* End PBXSourcesBuildPhase section */

/* Begin XCBuildConfiguration section */
		56CADFDE2671AB56002255BF /* Debug */ = {
			isa = XCBuildConfiguration;
			buildSettings = {
				ALWAYS_SEARCH_USER_PATHS = NO;
				CLANG_ANALYZER_NONNULL = YES;
				CLANG_ANALYZER_NUMBER_OBJECT_CONVERSION = YES_AGGRESSIVE;
				CLANG_CXX_LANGUAGE_STANDARD = "gnu++14";
				CLANG_CXX_LIBRARY = "libc++";
				CLANG_ENABLE_MODULES = YES;
				CLANG_ENABLE_OBJC_ARC = YES;
				CLANG_ENABLE_OBJC_WEAK = YES;
				CLANG_WARN_BLOCK_CAPTURE_AUTORELEASING = YES;
				CLANG_WARN_BOOL_CONVERSION = YES;
				CLANG_WARN_COMMA = YES;
				CLANG_WARN_CONSTANT_CONVERSION = YES;
				CLANG_WARN_DEPRECATED_OBJC_IMPLEMENTATIONS = YES;
				CLANG_WARN_DIRECT_OBJC_ISA_USAGE = YES_ERROR;
				CLANG_WARN_DOCUMENTATION_COMMENTS = YES;
				CLANG_WARN_EMPTY_BODY = YES;
				CLANG_WARN_ENUM_CONVERSION = YES;
				CLANG_WARN_INFINITE_RECURSION = YES;
				CLANG_WARN_INT_CONVERSION = YES;
				CLANG_WARN_NON_LITERAL_NULL_CONVERSION = YES;
				CLANG_WARN_OBJC_IMPLICIT_RETAIN_SELF = YES;
				CLANG_WARN_OBJC_LITERAL_CONVERSION = YES;
				CLANG_WARN_OBJC_ROOT_CLASS = YES_ERROR;
				CLANG_WARN_QUOTED_INCLUDE_IN_FRAMEWORK_HEADER = YES;
				CLANG_WARN_RANGE_LOOP_ANALYSIS = YES;
				CLANG_WARN_STRICT_PROTOTYPES = YES;
				CLANG_WARN_SUSPICIOUS_MOVE = YES;
				CLANG_WARN_UNGUARDED_AVAILABILITY = YES_AGGRESSIVE;
				CLANG_WARN_UNREACHABLE_CODE = YES;
				CLANG_WARN__DUPLICATE_METHOD_MATCH = YES;
				COPY_PHASE_STRIP = NO;
				DEBUG_INFORMATION_FORMAT = dwarf;
				ENABLE_STRICT_OBJC_MSGSEND = YES;
				ENABLE_TESTABILITY = YES;
				GCC_C_LANGUAGE_STANDARD = gnu11;
				GCC_DYNAMIC_NO_PIC = NO;
				GCC_NO_COMMON_BLOCKS = YES;
				GCC_OPTIMIZATION_LEVEL = 0;
				GCC_PREPROCESSOR_DEFINITIONS = (
					"DEBUG=1",
					"$(inherited)",
				);
				GCC_WARN_64_TO_32_BIT_CONVERSION = YES;
				GCC_WARN_ABOUT_RETURN_TYPE = YES_ERROR;
				GCC_WARN_UNDECLARED_SELECTOR = YES;
				GCC_WARN_UNINITIALIZED_AUTOS = YES_AGGRESSIVE;
				GCC_WARN_UNUSED_FUNCTION = YES;
				GCC_WARN_UNUSED_VARIABLE = YES;
				MACOSX_DEPLOYMENT_TARGET = 11.1;
				MTL_ENABLE_DEBUG_INFO = INCLUDE_SOURCE;
				MTL_FAST_MATH = YES;
				ONLY_ACTIVE_ARCH = YES;
				SDKROOT = macosx;
			};
			name = Debug;
		};
		56CADFDF2671AB56002255BF /* Release */ = {
			isa = XCBuildConfiguration;
			buildSettings = {
				ALWAYS_SEARCH_USER_PATHS = NO;
				CLANG_ANALYZER_NONNULL = YES;
				CLANG_ANALYZER_NUMBER_OBJECT_CONVERSION = YES_AGGRESSIVE;
				CLANG_CXX_LANGUAGE_STANDARD = "gnu++14";
				CLANG_CXX_LIBRARY = "libc++";
				CLANG_ENABLE_MODULES = YES;
				CLANG_ENABLE_OBJC_ARC = YES;
				CLANG_ENABLE_OBJC_WEAK = YES;
				CLANG_WARN_BLOCK_CAPTURE_AUTORELEASING = YES;
				CLANG_WARN_BOOL_CONVERSION = YES;
				CLANG_WARN_COMMA = YES;
				CLANG_WARN_CONSTANT_CONVERSION = YES;
				CLANG_WARN_DEPRECATED_OBJC_IMPLEMENTATIONS = YES;
				CLANG_WARN_DIRECT_OBJC_ISA_USAGE = YES_ERROR;
				CLANG_WARN_DOCUMENTATION_COMMENTS = YES;
				CLANG_WARN_EMPTY_BODY = YES;
				CLANG_WARN_ENUM_CONVERSION = YES;
				CLANG_WARN_INFINITE_RECURSION = YES;
				CLANG_WARN_INT_CONVERSION = YES;
				CLANG_WARN_NON_LITERAL_NULL_CONVERSION = YES;
				CLANG_WARN_OBJC_IMPLICIT_RETAIN_SELF = YES;
				CLANG_WARN_OBJC_LITERAL_CONVERSION = YES;
				CLANG_WARN_OBJC_ROOT_CLASS = YES_ERROR;
				CLANG_WARN_QUOTED_INCLUDE_IN_FRAMEWORK_HEADER = YES;
				CLANG_WARN_RANGE_LOOP_ANALYSIS = YES;
				CLANG_WARN_STRICT_PROTOTYPES = YES;
				CLANG_WARN_SUSPICIOUS_MOVE = YES;
				CLANG_WARN_UNGUARDED_AVAILABILITY = YES_AGGRESSIVE;
				CLANG_WARN_UNREACHABLE_CODE = YES;
				CLANG_WARN__DUPLICATE_METHOD_MATCH = YES;
				COPY_PHASE_STRIP = NO;
				DEBUG_INFORMATION_FORMAT = "dwarf-with-dsym";
				ENABLE_NS_ASSERTIONS = NO;
				ENABLE_STRICT_OBJC_MSGSEND = YES;
				GCC_C_LANGUAGE_STANDARD = gnu11;
				GCC_NO_COMMON_BLOCKS = YES;
				GCC_WARN_64_TO_32_BIT_CONVERSION = YES;
				GCC_WARN_ABOUT_RETURN_TYPE = YES_ERROR;
				GCC_WARN_UNDECLARED_SELECTOR = YES;
				GCC_WARN_UNINITIALIZED_AUTOS = YES_AGGRESSIVE;
				GCC_WARN_UNUSED_FUNCTION = YES;
				GCC_WARN_UNUSED_VARIABLE = YES;
				MACOSX_DEPLOYMENT_TARGET = 11.1;
				MTL_ENABLE_DEBUG_INFO = NO;
				MTL_FAST_MATH = YES;
				SDKROOT = macosx;
			};
			name = Release;
		};
		56CADFE12671AB56002255BF /* Debug */ = {
			isa = XCBuildConfiguration;
			buildSettings = {
				CODE_SIGN_STYLE = Automatic;
				PRODUCT_NAME = "$(TARGET_NAME)";
			};
			name = Debug;
		};
		56CADFE22671AB56002255BF /* Release */ = {
			isa = XCBuildConfiguration;
			buildSettings = {
				CODE_SIGN_STYLE = Automatic;
				PRODUCT_NAME = "$(TARGET_NAME)";
			};
			name = Release;
		};
/* End XCBuildConfiguration section */

/* Begin XCConfigurationList section */
		56CADFD42671AB56002255BF /* Build configuration list for PBXProject "1102144004" */ = {
			isa = XCConfigurationList;
			buildConfigurations = (
				56CADFDE2671AB56002255BF /* Debug */,
				56CADFDF2671AB56002255BF /* Release */,
			);
			defaultConfigurationIsVisible = 0;
			defaultConfigurationName = Release;
		};
		56CADFE02671AB56002255BF /* Build configuration list for PBXNativeTarget "1102144004" */ = {
			isa = XCConfigurationList;
			buildConfigurations = (
				56CADFE12671AB56002255BF /* Debug */,
				56CADFE22671AB56002255BF /* Release */,
			);
			defaultConfigurationIsVisible = 0;
			defaultConfigurationName = Release;
		};
/* End XCConfigurationList section */
	};
	rootObject = 56CADFD12671AB56002255BF /* Project object */;
}
